lockfileVersion: '9.0'

settings:
  autoInstallPeers: true
  excludeLinksFromLockfile: false

importers:

  .:
    devDependencies:
      '@biomejs/biome':
        specifier: 2.3.14
        version: 2.3.14
      lefthook:
        specifier: 2.0.16
        version: 2.0.16
      node:
        specifier: runtime:^24.11.1
        version: runtime:24.13.0
      npm-run-all2:
        specifier: 8.0.4
        version: 8.0.4

packages:

  '@biomejs/biome@2.3.14':
    resolution: {integrity: sha512-QMT6QviX0WqXJCaiqVMiBUCr5WRQ1iFSjvOLoTk6auKukJMvnMzWucXpwZB0e8F00/1/BsS9DzcKgWH+CLqVuA==}
    engines: {node: '>=14.21.3'}
    hasBin: true

  '@biomejs/cli-darwin-arm64@2.3.14':
    resolution: {integrity: sha512-UJGPpvWJMkLxSRtpCAKfKh41Q4JJXisvxZL8ChN1eNW3m/WlPFJ6EFDCE7YfUb4XS8ZFi3C1dFpxUJ0Ety5n+A==}
    engines: {node: '>=14.21.3'}
    cpu: [arm64]
    os: [darwin]

  '@biomejs/cli-darwin-x64@2.3.14':
    resolution: {integrity: sha512-PNkLNQG6RLo8lG7QoWe/hhnMxJIt1tEimoXpGQjwS/dkdNiKBLPv4RpeQl8o3s1OKI3ZOR5XPiYtmbGGHAOnLA==}
    engines: {node: '>=14.21.3'}
    cpu: [x64]
    os: [darwin]

  '@biomejs/cli-linux-arm64-musl@2.3.14':
    resolution: {integrity: sha512-LInRbXhYujtL3sH2TMCH/UBwJZsoGwfQjBrMfl84CD4hL/41C/EU5mldqf1yoFpsI0iPWuU83U+nB2TUUypWeg==}
    engines: {node: '>=14.21.3'}
    cpu: [arm64]
    os: [linux]
    libc: [musl]

  '@biomejs/cli-linux-arm64@2.3.14':
    resolution: {integrity: sha512-KT67FKfzIw6DNnUNdYlBg+eU24Go3n75GWK6NwU4+yJmDYFe9i/MjiI+U/iEzKvo0g7G7MZqoyrhIYuND2w8QQ==}
    engines: {node: '>=14.21.3'}
    cpu: [arm64]
    os: [linux]
    libc: [glibc]

  '@biomejs/cli-linux-x64-musl@2.3.14':
    resolution: {integrity: sha512-KQU7EkbBBuHPW3/rAcoiVmhlPtDSGOGRPv9js7qJVpYTzjQmVR+C9Rfcz+ti8YCH+zT1J52tuBybtP4IodjxZQ==}
    engines: {node: '>=14.21.3'}
    cpu: [x64]
    os: [linux]
    libc: [musl]

  '@biomejs/cli-linux-x64@2.3.14':
    resolution: {integrity: sha512-ZsZzQsl9U+wxFrGGS4f6UxREUlgHwmEfu1IrXlgNFrNnd5Th6lIJr8KmSzu/+meSa9f4rzFrbEW9LBBA6ScoMA==}
    engines: {node: '>=14.21.3'}
    cpu: [x64]
    os: [linux]
    libc: [glibc]

  '@biomejs/cli-win32-arm64@2.3.14':
    resolution: {integrity: sha512-+IKYkj/pUBbnRf1G1+RlyA3LWiDgra1xpS7H2g4BuOzzRbRB+hmlw0yFsLprHhbbt7jUzbzAbAjK/Pn0FDnh1A==}
    engines: {node: '>=14.21.3'}
    cpu: [arm64]
    os: [win32]

  '@biomejs/cli-win32-x64@2.3.14':
    resolution: {integrity: sha512-oizCjdyQ3WJEswpb3Chdngeat56rIdSYK12JI3iI11Mt5T5EXcZ7WLuowzEaFPNJ3zmOQFliMN8QY1Pi+qsfdQ==}
    engines: {node: '>=14.21.3'}
    cpu: [x64]
    os: [win32]

  ansi-styles@6.2.3:
    resolution: {integrity: sha512-4Dj6M28JB+oAH8kFkTLUo+a2jwOFkuqb3yucU0CANcRRUbxS0cP0nZYCGjcc3BNXwRIsUVmDGgzawme7zvJHvg==}
    engines: {node: '>=12'}

  cross-spawn@7.0.6:
    resolution: {integrity: sha512-uV2QOWP2nWzsy2aMp8aRibhi9dlzF5Hgh5SHaB9OiTGEyDTiJJyx0uy51QXdyWbtAHNua4XJzUKca3OzKUd3vA==}
    engines: {node: '>= 8'}

  isexe@2.0.0:
    resolution: {integrity: sha512-RHxMLp9lnKHGHRng9QFhRCMbYAcVpn69smSGcq3f36xjgVVWThj4qqLbTLlq7Ssj8B+fIQ1EuCEGI2lKsyQeIw==}

  isexe@3.1.1:
    resolution: {integrity: sha512-LpB/54B+/2J5hqQ7imZHfdU31OlgQqx7ZicVlkm9kzg9/w8GKLEcFfJl/t7DCEDueOyBAD6zCCwTO6Fzs0NoEQ==}
    engines: {node: '>=16'}

  json-parse-even-better-errors@4.0.0:
    resolution: {integrity: sha512-lR4MXjGNgkJc7tkQ97kb2nuEMnNCyU//XYVH0MKTGcXEiSudQ5MKGKen3C5QubYy0vmq+JGitUg92uuywGEwIA==}
    engines: {node: ^18.17.0 || >=20.5.0}

  lefthook-darwin-arm64@2.0.16:
    resolution: {integrity: sha512-kjVHkD7rfPa7M0aKJSx/yatdV9uC6o3cJyzM9zk7cg5HD7alSwchFalgF/P0w6nt7C02rAUx8C05qiWCDWaKeA==}
    cpu: [arm64]
    os: [darwin]

  lefthook-darwin-x64@2.0.16:
    resolution: {integrity: sha512-tbJ0mdT49DNRLqknro0BvWrYNC23TTcqBJFQnQ32pq1/H9B87bTNKvKKAtogp/saxfHUzkIq1i3twZlBZ3G3Xw==}
    cpu: [x64]
    os: [darwin]

  lefthook-freebsd-arm64@2.0.16:
    resolution: {integrity: sha512-wa1KFD5tSUhw3tuetVef/BCSxbbmS7auTDNdoLx3WFeuN5RS15woSN9+E8GPGOOY1g2HCsgdLrhrexEomulfjQ==}
    cpu: [arm64]
    os: [freebsd]

  lefthook-freebsd-x64@2.0.16:
    resolution: {integrity: sha512-UXowfn2e94AwNk9UuoePRK+qiF15jZsssiyA15VK5GTtxpn6Sn+Z2QFciofxJczXXxM4abaf7qgx2OoJBt32VA==}
    cpu: [x64]
    os: [freebsd]

  lefthook-linux-arm64@2.0.16:
    resolution: {integrity: sha512-U355elz4Z0AHSVqxfcglN09TGR86ov/GtYlliDknci2mmz6EWLiD3dTYnqJiwa4dYxqmuCDc/DvAL9rgb3YJiQ==}
    cpu: [arm64]
    os: [linux]

  lefthook-linux-x64@2.0.16:
    resolution: {integrity: sha512-7eAvBeWGAgjOKZ23OQbjJINLPImDIuDeX8dXOfk+aI6IFt2X6KCzRkp+ASUvGQtrPuNZQZT43EhW0/1jZU14ZQ==}
    cpu: [x64]
    os: [linux]

  lefthook-openbsd-arm64@2.0.16:
    resolution: {integrity: sha512-Fcd+E17ZkWGnRSQINb5gf+rNy2So5PYn5mBljiC31dl+TgWM8Wy46mSEGveHo7lKCO3q+DkmHIa50Qm58G03AQ==}
    cpu: [arm64]
    os: [openbsd]

  lefthook-openbsd-x64@2.0.16:
    resolution: {integrity: sha512-uL5nOkz8eBtQHped0/tB5X8clZ5kfnyjQrv1fpKbGAjeFHI2J+GmRqcn6Awq2IeuBbQvkyV6jDjpATyHBp5mCA==}
    cpu: [x64]
    os: [openbsd]

  lefthook-windows-arm64@2.0.16:
    resolution: {integrity: sha512-U61bNWzD6Vd2kjuJ7b4voPfTQ4mlBFOyTpCU3k/h0YjpKDQEFT1T5fDKkDothdnw/JVDSgrclIcfAY7Jyr/UIg==}
    cpu: [arm64]
    os: [win32]

  lefthook-windows-x64@2.0.16:
    resolution: {integrity: sha512-dCHi2+hebhPI0LQUGRNjPMsGRyXhrTN3Y/b8M4HO8KVyGamKB3Yemf67ya81tZopDkxNVy5XUBXLYWKGhnAfLQ==}
    cpu: [x64]
    os: [win32]

  lefthook@2.0.16:
    resolution: {integrity: sha512-ABs3M5V9c4nqxFnZO509HXuQTu8GM8hmqc9ruV0acQ81yKlxEq70MRoYP5Z1dr5le326X8vA5qj3arJA36yE3A==}
    hasBin: true

  memorystream@0.3.1:
    resolution: {integrity: sha512-S3UwM3yj5mtUSEfP41UZmt/0SCoVYUcU1rkXv+BQ5Ig8ndL4sPoJNBUJERafdPb5jjHJGuMgytgKvKIf58XNBw==}
    engines: {node: '>= 0.10.0'}

  node@runtime:24.13.0:
    resolution:
      type: variations
      variants:
        - resolution:
            archive: tarball
            bin: bin/node
            integrity: sha256-rCHprwik1UsFfYAMA7yVMilGlSuNqoEcramL+2aozo8=
            type: binary
            url: https://nodejs.org/download/release/v24.13.0/node-v24.13.0-aix-ppc64.tar.gz
          targets:
            - cpu: ppc64
              os: aix
        - resolution:
            archive: tarball
            bin: bin/node
            integrity: sha256-1ZWWHlY/yuBX1KD7mS8XWlTZf8xKFNwtR02S3e6jufg=
            type: binary
            url: https://nodejs.org/download/release/v24.13.0/node-v24.13.0-darwin-arm64.tar.gz
          targets:
            - cpu: arm64
              os: darwin
        - resolution:
            archive: tarball
            bin: bin/node
            integrity: sha256-bwPBtI3b4bEppvgDi+COCJnwXxcYW00+Q1AYCrZpp/M=
            type: binary
            url: https://nodejs.org/download/release/v24.13.0/node-v24.13.0-darwin-x64.tar.gz
          targets:
            - cpu: x64
              os: darwin
        - resolution:
            archive: tarball
            bin: bin/node
            integrity: sha256-D21AuUxqLra0wkD/yLn9Otp6sETBd91BPAbh75pj8IE=
            type: binary
            url: https://nodejs.org/download/release/v24.13.0/node-v24.13.0-linux-arm64.tar.gz
          targets:
            - cpu: arm64
              os: linux
        - resolution:
            archive: tarball
            bin: bin/node
            integrity: sha256-GAEZMLGCocW0nSMmGR/bpYJwvfe0W4x9+FXvMZMbFIo=
            type: binary
            url: https://nodejs.org/download/release/v24.13.0/node-v24.13.0-linux-ppc64le.tar.gz
          targets:
            - cpu: ppc64le
              os: linux
        - resolution:
            archive: tarball
            bin: bin/node
            integrity: sha256-V0RhC2JPLoKuHKJ52OznuMpGZDcjlTPS0DNWUwO8HTk=
            type: binary
            url: https://nodejs.org/download/release/v24.13.0/node-v24.13.0-linux-s390x.tar.gz
          targets:
            - cpu: s390x
              os: linux
        - resolution:
            archive: tarball
            bin: bin/node
            integrity: sha256-YiOq0agfnR57aCxZ0S4t4jP3tMN0dc1A0cicQrc3/6g=
            type: binary
            url: https://nodejs.org/download/release/v24.13.0/node-v24.13.0-linux-x64.tar.gz
          targets:
            - cpu: x64
              os: linux
        - resolution:
            archive: zip
            bin: node.exe
            integrity: sha256-krn5sMDBI+EeSvxTXw7BnNmHRl7qUGQnVTpJlxNkFYo=
            prefix: node-v24.13.0-win-arm64
            type: binary
            url: https://nodejs.org/download/release/v24.13.0/node-v24.13.0-win-arm64.zip
          targets:
            - cpu: arm64
              os: win32
        - resolution:
            archive: zip
            bin: node.exe
            integrity: sha256-yidCaVvo3kQCfXGz9TpL2zYAm5VXX+Gub38LXOCRy4g=
            prefix: node-v24.13.0-win-x64
            type: binary
            url: https://nodejs.org/download/release/v24.13.0/node-v24.13.0-win-x64.zip
          targets:
            - cpu: x64
              os: win32
    version: 24.13.0
    hasBin: true

  npm-normalize-package-bin@4.0.0:
    resolution: {integrity: sha512-TZKxPvItzai9kN9H/TkmCtx/ZN/hvr3vUycjlfmH0ootY9yFBzNOpiXAdIn1Iteqsvk4lQn6B5PTrt+n6h8k/w==}
    engines: {node: ^18.17.0 || >=20.5.0}

  npm-run-all2@8.0.4:
    resolution: {integrity: sha512-wdbB5My48XKp2ZfJUlhnLVihzeuA1hgBnqB2J9ahV77wLS+/YAJAlN8I+X3DIFIPZ3m5L7nplmlbhNiFDmXRDA==}
    engines: {node: ^20.5.0 || >=22.0.0, npm: '>= 10'}
    hasBin: true

  path-key@3.1.1:
    resolution: {integrity: sha512-ojmeN0qd+y0jszEtoY48r0Peq5dwMEkIlCOu6Q5f41lfkswXuKtYrhgoTpLnyIcHm24Uhqx+5Tqm2InSwLhE6Q==}
    engines: {node: '>=8'}

  picomatch@4.0.3:
    resolution: {integrity: sha512-5gTmgEY/sqK6gFXLIsQNH19lWb4ebPDLA4SdLP7dsWkIXHWlG66oPuVvXSGFPppYZz8ZDZq0dYYrbHfBCVUb1Q==}
    engines: {node: '>=12'}

  pidtree@0.6.0:
    resolution: {integrity: sha512-eG2dWTVw5bzqGRztnHExczNxt5VGsE6OwTeCG3fdUf9KBsZzO3R5OIIIzWR+iZA0NtZ+RDVdaoE2dK1cn6jH4g==}
    engines: {node: '>=0.10'}
    hasBin: true

  read-package-json-fast@4.0.0:
    resolution: {integrity: sha512-qpt8EwugBWDw2cgE2W+/3oxC+KTez2uSVR8JU9Q36TXPAGCaozfQUs59v4j4GFpWTaw0i6hAZSvOmu1J0uOEUg==}
    engines: {node: ^18.17.0 || >=20.5.0}

  shebang-command@2.0.0:
    resolution: {integrity: sha512-kHxr2zZpYtdmrN1qDjrrX/Z1rR1kG8Dx+gkpK1G4eXmvXswmcE1hTWBWYUzlraYw1/yZp6YuDY77YtvbN0dmDA==}
    engines: {node: '>=8'}

  shebang-regex@3.0.0:
    resolution: {integrity: sha512-7++dFhtcx3353uBaq8DDR4NuxBetBzC7ZQOhmTQInHEd6bSrXdiEyzCvG07Z44UYdLShWUyXt5M/yhz8ekcb1A==}
    engines: {node: '>=8'}

  shell-quote@1.8.3:
    resolution: {integrity: sha512-ObmnIF4hXNg1BqhnHmgbDETF8dLPCggZWBjkQfhZpbszZnYur5DUljTcCHii5LC3J5E0yeO/1LIMyH+UvHQgyw==}
    engines: {node: '>= 0.4'}

  which@2.0.2:
    resolution: {integrity: sha512-BLI3Tl1TW3Pvl70l3yq3Y64i+awpwXqsGBYWkkqMtnbXgrMD+yj7rhW0kuEDxzJaYXGjEW5ogapKNMEKNMjibA==}
    engines: {node: '>= 8'}
    hasBin: true

  which@5.0.0:
    resolution: {integrity: sha512-JEdGzHwwkrbWoGOlIHqQ5gtprKGOenpDHpxE9zVR1bWbOtYRyPPHMe9FaP6x61CmNaTThSkb0DAJte5jD+DmzQ==}
    engines: {node: ^18.17.0 || >=20.5.0}
    hasBin: true

snapshots:

  '@biomejs/biome@2.3.14':
    optionalDependencies:
      '@biomejs/cli-darwin-arm64': 2.3.14
      '@biomejs/cli-darwin-x64': 2.3.14
      '@biomejs/cli-linux-arm64': 2.3.14
      '@biomejs/cli-linux-arm64-musl': 2.3.14
      '@biomejs/cli-linux-x64': 2.3.14
      '@biomejs/cli-linux-x64-musl': 2.3.14
      '@biomejs/cli-win32-arm64': 2.3.14
      '@biomejs/cli-win32-x64': 2.3.14

  '@biomejs/cli-darwin-arm64@2.3.14':
    optional: true

  '@biomejs/cli-darwin-x64@2.3.14':
    optional: true

  '@biomejs/cli-linux-arm64-musl@2.3.14':
    optional: true

  '@biomejs/cli-linux-arm64@2.3.14':
    optional: true

  '@biomejs/cli-linux-x64-musl@2.3.14':
    optional: true

  '@biomejs/cli-linux-x64@2.3.14':
    optional: true

  '@biomejs/cli-win32-arm64@2.3.14':
    optional: true

  '@biomejs/cli-win32-x64@2.3.14':
    optional: true

  ansi-styles@6.2.3: {}

  cross-spawn@7.0.6:
    dependencies:
      path-key: 3.1.1
      shebang-command: 2.0.0
      which: 2.0.2

  isexe@2.0.0: {}

  isexe@3.1.1: {}

  json-parse-even-better-errors@4.0.0: {}

  lefthook-darwin-arm64@2.0.16:
    optional: true

  lefthook-darwin-x64@2.0.16:
    optional: true

  lefthook-freebsd-arm64@2.0.16:
    optional: true

  lefthook-freebsd-x64@2.0.16:
    optional: true

  lefthook-linux-arm64@2.0.16:
    optional: true

  lefthook-linux-x64@2.0.16:
    optional: true

  lefthook-openbsd-arm64@2.0.16:
    optional: true

  lefthook-openbsd-x64@2.0.16:
    optional: true

  lefthook-windows-arm64@2.0.16:
    optional: true

  lefthook-windows-x64@2.0.16:
    optional: true

  lefthook@2.0.16:
    optionalDependencies:
      lefthook-darwin-arm64: 2.0.16
      lefthook-darwin-x64: 2.0.16
      lefthook-freebsd-arm64: 2.0.16
      lefthook-freebsd-x64: 2.0.16
      lefthook-linux-arm64: 2.0.16
      lefthook-linux-x64: 2.0.16
      lefthook-openbsd-arm64: 2.0.16
      lefthook-openbsd-x64: 2.0.16
      lefthook-windows-arm64: 2.0.16
      lefthook-windows-x64: 2.0.16

  memorystream@0.3.1: {}

  node@runtime:24.13.0: {}

  npm-normalize-package-bin@4.0.0: {}

  npm-run-all2@8.0.4:
    dependencies:
      ansi-styles: 6.2.3
      cross-spawn: 7.0.6
      memorystream: 0.3.1
      picomatch: 4.0.3
      pidtree: 0.6.0
      read-package-json-fast: 4.0.0
      shell-quote: 1.8.3
      which: 5.0.0

  path-key@3.1.1: {}

  picomatch@4.0.3: {}

  pidtree@0.6.0: {}

  read-package-json-fast@4.0.0:
    dependencies:
      json-parse-even-better-errors: 4.0.0
      npm-normalize-package-bin: 4.0.0

  shebang-command@2.0.0:
    dependencies:
      shebang-regex: 3.0.0

  shebang-regex@3.0.0: {}

  shell-quote@1.8.3: {}

  which@2.0.2:
    dependencies:
      isexe: 2.0.0

  which@5.0.0:
    dependencies:
      isexe: 3.1.1
