# @generated - this file is auto-generated by `mise lock` https://mise.jdx.dev/dev-tools/mise-lock.html

lockfile_version = 1

[[tools.hk]]
version = "1.57.0"
backend = "aqua:jdx/hk"
specifiers = ["latest"]

[tools.hk."platforms.linux-arm64"]
checksum = "sha256:af6768ba1e3041a988b6518bf8b6e8900dc6a2001208b3f548545fe7de4e6f22"
url = "https://github.com/jdx/hk/releases/download/v1.57.0/hk-aarch64-unknown-linux-gnu.tar.gz"
url_api = "https://api.github.com/repos/jdx/hk/releases/assets/536864258"

[tools.hk."platforms.linux-arm64-musl"]
checksum = "sha256:969feeff543c2bd30281fdce43139fd0913cbf44385387b94b9411a72775c960"
url = "https://github.com/jdx/hk/releases/download/v1.57.0/hk-aarch64-unknown-linux-musl.tar.gz"
url_api = "https://api.github.com/repos/jdx/hk/releases/assets/536864262"

[tools.hk."platforms.linux-x64"]
checksum = "sha256:71449da0187a957233e1cf08565ed3c85fe67cd8d5942a15bc231579e1c7e380"
url = "https://github.com/jdx/hk/releases/download/v1.57.0/hk-x86_64-unknown-linux-gnu.tar.gz"
url_api = "https://api.github.com/repos/jdx/hk/releases/assets/536864279"

[tools.hk."platforms.linux-x64-musl"]
checksum = "sha256:e67b730e82e04e3e9b513f9063573a3fc29377ef3b61aa04cce7c9b9f4782b1e"
url = "https://github.com/jdx/hk/releases/download/v1.57.0/hk-x86_64-unknown-linux-musl.tar.gz"
url_api = "https://api.github.com/repos/jdx/hk/releases/assets/536864280"

[tools.hk."platforms.macos-arm64"]
checksum = "sha256:7b10c00e1f1b51d3e43cd5e738cc5fd93bf3ec0b777505744ac37c8b1e171188"
url = "https://github.com/jdx/hk/releases/download/v1.57.0/hk-aarch64-apple-darwin.tar.gz"
url_api = "https://api.github.com/repos/jdx/hk/releases/assets/536864261"

[tools.hk."platforms.windows-x64"]
checksum = "sha256:b5c4de9ec9e83790642564370c572b559f2b4ea38147ee8ea1f5b415967dab3f"
url = "https://github.com/jdx/hk/releases/download/v1.57.0/hk-x86_64-pc-windows-msvc.zip"
url_api = "https://api.github.com/repos/jdx/hk/releases/assets/536864259"

[[tools.lua]]
version = "5.1"
backend = "vfox:mise-plugins/vfox-lua"
specifiers = ["5.1"]

[tools.lua."platforms.linux-arm64"]
url = "https://www.lua.org/ftp/lua-5.1.tar.gz"

[tools.lua."platforms.linux-arm64-musl"]
url = "https://www.lua.org/ftp/lua-5.1.tar.gz"

[tools.lua."platforms.linux-x64"]
url = "https://www.lua.org/ftp/lua-5.1.tar.gz"

[tools.lua."platforms.linux-x64-musl"]
url = "https://www.lua.org/ftp/lua-5.1.tar.gz"

[tools.lua."platforms.macos-arm64"]
url = "https://www.lua.org/ftp/lua-5.1.tar.gz"

[tools.lua."platforms.macos-x64"]
url = "https://www.lua.org/ftp/lua-5.1.tar.gz"

[tools.lua."platforms.windows-x64"]
url = "https://www.lua.org/ftp/lua-5.1.tar.gz"
